
Microsoft Visual Studio Solution File, Format Version 12.00
# Visual Studio Version 17
VisualStudioVersion = 17.0.31903.59
MinimumVisualStudioVersion = 10.0.40219.1
Project("{2150E333-8FDC-42A3-9474-1A3956D46DE8}") = "db", "db", "{240D54FD-C2A2-AACB-CAA5-CE0B0FF793FF}"
EndProject
Project("{2150E333-8FDC-42A3-9474-1A3956D46DE8}") = "runner", "runner", "{8AF417EF-9E3A-3106-6A76-86BDDAB55D0C}"
EndProject
Project("{FAE04EC0-301F-11D3-BF4B-00C04F79EFBC}") = "SmartNet.Db.Runner", "db\runner\SmartNet.Db.Runner\SmartNet.Db.Runner.csproj", "{AB98F675-0B30-4DC3-B2E9-BF253D0F29C9}"
EndProject
Project("{FAE04EC0-301F-11D3-BF4B-00C04F79EFBC}") = "SmartNet.Db.Runner.Tests", "db\runner\SmartNet.Db.Runner.Tests\SmartNet.Db.Runner.Tests.csproj", "{1A8105C6-A50F-415A-8F55-E45F85707EBC}"
EndProject
Project("{2150E333-8FDC-42A3-9474-1A3956D46DE8}") = "test-bootstrap", "test-bootstrap", "{C5026AD8-233F-C180-78E3-006F4988C2F5}"
EndProject
Project("{FAE04EC0-301F-11D3-BF4B-00C04F79EFBC}") = "SmartNet.Db.TestBootstrap", "db\test-bootstrap\SmartNet.Db.TestBootstrap\SmartNet.Db.TestBootstrap.csproj", "{2109DC66-73C2-455A-9B97-823B8A67320A}"
EndProject
Project("{2150E333-8FDC-42A3-9474-1A3956D46DE8}") = "auth", "auth", "{183AEB3A-A086-1D8D-C95E-6378F77647C3}"
EndProject
Project("{FAE04EC0-301F-11D3-BF4B-00C04F79EFBC}") = "SmartNet.Auth.Core", "auth\SmartNet.Auth.Core\SmartNet.Auth.Core.csproj", "{D71CDEF3-4C9F-42CC-8D1F-249CE147F41B}"
EndProject
Project("{FAE04EC0-301F-11D3-BF4B-00C04F79EFBC}") = "SmartNet.Auth.Core.Tests", "auth\SmartNet.Auth.Core.Tests\SmartNet.Auth.Core.Tests.csproj", "{1EA4C9A9-4AF3-4AC4-A78F-5E9C4CB4C9BC}"
EndProject
Project("{FAE04EC0-301F-11D3-BF4B-00C04F79EFBC}") = "SmartNet.Auth.Infrastructure", "auth\SmartNet.Auth.Infrastructure\SmartNet.Auth.Infrastructure.csproj", "{62FA4548-2820-4BAA-A94F-5E6660DB68E1}"
EndProject
Project("{FAE04EC0-301F-11D3-BF4B-00C04F79EFBC}") = "SmartNet.Auth.Infrastructure.Tests", "auth\SmartNet.Auth.Infrastructure.Tests\SmartNet.Auth.Infrastructure.Tests.csproj", "{7669FDDC-9BBD-478D-8139-17EC656247FF}"
EndProject
Project("{2150E333-8FDC-42A3-9474-1A3956D46DE8}") = "api", "api", "{D82C56D6-B2CD-F611-9E31-04638F7EC30E}"
EndProject
Project("{FAE04EC0-301F-11D3-BF4B-00C04F79EFBC}") = "SmartNet.Api", "api\SmartNet.Api\SmartNet.Api.csproj", "{ED92156D-2624-452F-B839-1811025408EB}"
EndProject
Project("{FAE04EC0-301F-11D3-BF4B-00C04F79EFBC}") = "SmartNet.Api.Tests", "api\SmartNet.Api.Tests\SmartNet.Api.Tests.csproj", "{EC9A3C95-99B7-4A83-9901-F2076D0AF0D1}"
EndProject
Project("{2150E333-8FDC-42A3-9474-1A3956D46DE8}") = "admin", "admin", "{08363F22-23A7-70B7-557A-C076A2D48378}"
EndProject
Project("{FAE04EC0-301F-11D3-BF4B-00C04F79EFBC}") = "SmartNet.Admin", "admin\SmartNet.Admin\SmartNet.Admin.csproj", "{B6058493-A5AB-4058-8E8C-4C196B0666C7}"
EndProject
Project("{FAE04EC0-301F-11D3-BF4B-00C04F79EFBC}") = "SmartNet.Admin.Tests", "admin\SmartNet.Admin.Tests\SmartNet.Admin.Tests.csproj", "{B479F826-6697-42EC-9EDD-EFBE1EB50270}"
EndProject
Project("{2150E333-8FDC-42A3-9474-1A3956D46DE8}") = "catalogos", "catalogos", "{A22A909A-1415-BD8E-1EB4-EC2D965D32C2}"
EndProject
Project("{FAE04EC0-301F-11D3-BF4B-00C04F79EFBC}") = "SmartNet.Catalogos.Core", "catalogos\SmartNet.Catalogos.Core\SmartNet.Catalogos.Core.csproj", "{28936638-EB48-48B4-9603-D6DECFBE7872}"
EndProject
Project("{FAE04EC0-301F-11D3-BF4B-00C04F79EFBC}") = "SmartNet.Catalogos.Core.Tests", "catalogos\SmartNet.Catalogos.Core.Tests\SmartNet.Catalogos.Core.Tests.csproj", "{0A59D889-FF84-482E-BE9F-13EF93D30CEE}"
EndProject
Project("{FAE04EC0-301F-11D3-BF4B-00C04F79EFBC}") = "SmartNet.Catalogos.Infrastructure", "catalogos\SmartNet.Catalogos.Infrastructure\SmartNet.Catalogos.Infrastructure.csproj", "{04EC9E42-0169-4037-A32E-ACFEEEAA4141}"
EndProject
Project("{FAE04EC0-301F-11D3-BF4B-00C04F79EFBC}") = "SmartNet.Catalogos.Infrastructure.Tests", "catalogos\SmartNet.Catalogos.Infrastructure.Tests\SmartNet.Catalogos.Infrastructure.Tests.csproj", "{189D3E7C-69E5-44A1-A9A8-914AA630F73C}"
EndProject
Project("{2150E333-8FDC-42A3-9474-1A3956D46DE8}") = "tipos-de-cambio", "tipos-de-cambio", "{844CA4AE-9024-0070-E956-60B0B81E6FA8}"
EndProject
Project("{FAE04EC0-301F-11D3-BF4B-00C04F79EFBC}") = "SmartNet.TiposCambio.Core", "tipos-de-cambio\SmartNet.TiposCambio.Core\SmartNet.TiposCambio.Core.csproj", "{410DBB4C-22A1-45DF-97A3-A0A1D759372A}"
EndProject
Project("{FAE04EC0-301F-11D3-BF4B-00C04F79EFBC}") = "SmartNet.TiposCambio.Core.Tests", "tipos-de-cambio\SmartNet.TiposCambio.Core.Tests\SmartNet.TiposCambio.Core.Tests.csproj", "{F3DB9567-B3EB-4A9A-BFC4-CF33603BFE61}"
EndProject
Project("{FAE04EC0-301F-11D3-BF4B-00C04F79EFBC}") = "SmartNet.TiposCambio.Infrastructure", "tipos-de-cambio\SmartNet.TiposCambio.Infrastructure\SmartNet.TiposCambio.Infrastructure.csproj", "{A80A6053-77AB-43A4-8341-C29A712C22E0}"
EndProject
Project("{FAE04EC0-301F-11D3-BF4B-00C04F79EFBC}") = "SmartNet.TiposCambio.Infrastructure.Tests", "tipos-de-cambio\SmartNet.TiposCambio.Infrastructure.Tests\SmartNet.TiposCambio.Infrastructure.Tests.csproj", "{A6BE550C-2D74-45E4-A938-04C85C8004AE}"
EndProject
Project("{2150E333-8FDC-42A3-9474-1A3956D46DE8}") = "inbox", "inbox", "{C837EDFF-7CEF-4985-A4BB-AB1E50762234}"
EndProject
Project("{FAE04EC0-301F-11D3-BF4B-00C04F79EFBC}") = "SmartNet.Inbox.Core", "inbox\SmartNet.Inbox.Core\SmartNet.Inbox.Core.csproj", "{96AB2B6E-59FE-42C4-9363-98CFD5F9B9E1}"
EndProject
Project("{FAE04EC0-301F-11D3-BF4B-00C04F79EFBC}") = "SmartNet.Inbox.Core.Tests", "inbox\SmartNet.Inbox.Core.Tests\SmartNet.Inbox.Core.Tests.csproj", "{5B5A2639-3E1F-45A2-8AE8-DE917A6D519B}"
EndProject
Project("{FAE04EC0-301F-11D3-BF4B-00C04F79EFBC}") = "SmartNet.Inbox.Infrastructure", "inbox\SmartNet.Inbox.Infrastructure\SmartNet.Inbox.Infrastructure.csproj", "{21ADA763-5AE8-4438-BAB2-7869C2B2E648}"
EndProject
Project("{FAE04EC0-301F-11D3-BF4B-00C04F79EFBC}") = "SmartNet.Inbox.Infrastructure.Tests", "inbox\SmartNet.Inbox.Infrastructure.Tests\SmartNet.Inbox.Infrastructure.Tests.csproj", "{519106A7-DCB2-4F46-AB08-F144E4226FC0}"
EndProject
Project("{2150E333-8FDC-42A3-9474-1A3956D46DE8}") = "contable", "contable", "{F868F184-6381-41B9-77F8-2B37ECF2F600}"
EndProject
Project("{FAE04EC0-301F-11D3-BF4B-00C04F79EFBC}") = "SmartNet.Contable.Core", "contable\SmartNet.Contable.Core\SmartNet.Contable.Core.csproj", "{3054A3FB-A989-48C7-9B7E-DD4B33BB742F}"
EndProject
Project("{FAE04EC0-301F-11D3-BF4B-00C04F79EFBC}") = "SmartNet.Contable.Core.Tests", "contable\SmartNet.Contable.Core.Tests\SmartNet.Contable.Core.Tests.csproj", "{1B6FB093-4D44-41B5-BB83-9DDB648D9D31}"
EndProject
Global
	GlobalSection(SolutionConfigurationPlatforms) = preSolution
		Debug|Any CPU = Debug|Any CPU
		Debug|x64 = Debug|x64
		Debug|x86 = Debug|x86
		Release|Any CPU = Release|Any CPU
		Release|x64 = Release|x64
		Release|x86 = Release|x86
	EndGlobalSection
	GlobalSection(ProjectConfigurationPlatforms) = postSolution
		{AB98F675-0B30-4DC3-B2E9-BF253D0F29C9}.Debug|Any CPU.ActiveCfg = Debug|Any CPU
		{AB98F675-0B30-4DC3-B2E9-BF253D0F29C9}.Debug|Any CPU.Build.0 = Debug|Any CPU
		{AB98F675-0B30-4DC3-B2E9-BF253D0F29C9}.Debug|x64.ActiveCfg = Debug|Any CPU
		{AB98F675-0B30-4DC3-B2E9-BF253D0F29C9}.Debug|x64.Build.0 = Debug|Any CPU
		{AB98F675-0B30-4DC3-B2E9-BF253D0F29C9}.Debug|x86.ActiveCfg = Debug|Any CPU
		{AB98F675-0B30-4DC3-B2E9-BF253D0F29C9}.Debug|x86.Build.0 = Debug|Any CPU
		{AB98F675-0B30-4DC3-B2E9-BF253D0F29C9}.Release|Any CPU.ActiveCfg = Release|Any CPU
		{AB98F675-0B30-4DC3-B2E9-BF253D0F29C9}.Release|Any CPU.Build.0 = Release|Any CPU
		{AB98F675-0B30-4DC3-B2E9-BF253D0F29C9}.Release|x64.ActiveCfg = Release|Any CPU
		{AB98F675-0B30-4DC3-B2E9-BF253D0F29C9}.Release|x64.Build.0 = Release|Any CPU
		{AB98F675-0B30-4DC3-B2E9-BF253D0F29C9}.Release|x86.ActiveCfg = Release|Any CPU
		{AB98F675-0B30-4DC3-B2E9-BF253D0F29C9}.Release|x86.Build.0 = Release|Any CPU
		{1A8105C6-A50F-415A-8F55-E45F85707EBC}.Debug|Any CPU.ActiveCfg = Debug|Any CPU
		{1A8105C6-A50F-415A-8F55-E45F85707EBC}.Debug|Any CPU.Build.0 = Debug|Any CPU
		{1A8105C6-A50F-415A-8F55-E45F85707EBC}.Debug|x64.ActiveCfg = Debug|Any CPU
		{1A8105C6-A50F-415A-8F55-E45F85707EBC}.Debug|x64.Build.0 = Debug|Any CPU
		{1A8105C6-A50F-415A-8F55-E45F85707EBC}.Debug|x86.ActiveCfg = Debug|Any CPU
		{1A8105C6-A50F-415A-8F55-E45F85707EBC}.Debug|x86.Build.0 = Debug|Any CPU
		{1A8105C6-A50F-415A-8F55-E45F85707EBC}.Release|Any CPU.ActiveCfg = Release|Any CPU
		{1A8105C6-A50F-415A-8F55-E45F85707EBC}.Release|Any CPU.Build.0 = Release|Any CPU
		{1A8105C6-A50F-415A-8F55-E45F85707EBC}.Release|x64.ActiveCfg = Release|Any CPU
		{1A8105C6-A50F-415A-8F55-E45F85707EBC}.Release|x64.Build.0 = Release|Any CPU
		{1A8105C6-A50F-415A-8F55-E45F85707EBC}.Release|x86.ActiveCfg = Release|Any CPU
		{1A8105C6-A50F-415A-8F55-E45F85707EBC}.Release|x86.Build.0 = Release|Any CPU
		{2109DC66-73C2-455A-9B97-823B8A67320A}.Debug|Any CPU.ActiveCfg = Debug|Any CPU
		{2109DC66-73C2-455A-9B97-823B8A67320A}.Debug|Any CPU.Build.0 = Debug|Any CPU
		{2109DC66-73C2-455A-9B97-823B8A67320A}.Debug|x64.ActiveCfg = Debug|Any CPU
		{2109DC66-73C2-455A-9B97-823B8A67320A}.Debug|x64.Build.0 = Debug|Any CPU
		{2109DC66-73C2-455A-9B97-823B8A67320A}.Debug|x86.ActiveCfg = Debug|Any CPU
		{2109DC66-73C2-455A-9B97-823B8A67320A}.Debug|x86.Build.0 = Debug|Any CPU
		{2109DC66-73C2-455A-9B97-823B8A67320A}.Release|Any CPU.ActiveCfg = Release|Any CPU
		{2109DC66-73C2-455A-9B97-823B8A67320A}.Release|Any CPU.Build.0 = Release|Any CPU
		{2109DC66-73C2-455A-9B97-823B8A67320A}.Release|x64.ActiveCfg = Release|Any CPU
		{2109DC66-73C2-455A-9B97-823B8A67320A}.Release|x64.Build.0 = Release|Any CPU
		{2109DC66-73C2-455A-9B97-823B8A67320A}.Release|x86.ActiveCfg = Release|Any CPU
		{2109DC66-73C2-455A-9B97-823B8A67320A}.Release|x86.Build.0 = Release|Any CPU
		{D71CDEF3-4C9F-42CC-8D1F-249CE147F41B}.Debug|Any CPU.ActiveCfg = Debug|Any CPU
		{D71CDEF3-4C9F-42CC-8D1F-249CE147F41B}.Debug|Any CPU.Build.0 = Debug|Any CPU
		{D71CDEF3-4C9F-42CC-8D1F-249CE147F41B}.Debug|x64.ActiveCfg = Debug|Any CPU
		{D71CDEF3-4C9F-42CC-8D1F-249CE147F41B}.Debug|x64.Build.0 = Debug|Any CPU
		{D71CDEF3-4C9F-42CC-8D1F-249CE147F41B}.Debug|x86.ActiveCfg = Debug|Any CPU
		{D71CDEF3-4C9F-42CC-8D1F-249CE147F41B}.Debug|x86.Build.0 = Debug|Any CPU
		{D71CDEF3-4C9F-42CC-8D1F-249CE147F41B}.Release|Any CPU.ActiveCfg = Release|Any CPU
		{D71CDEF3-4C9F-42CC-8D1F-249CE147F41B}.Release|Any CPU.Build.0 = Release|Any CPU
		{D71CDEF3-4C9F-42CC-8D1F-249CE147F41B}.Release|x64.ActiveCfg = Release|Any CPU
		{D71CDEF3-4C9F-42CC-8D1F-249CE147F41B}.Release|x64.Build.0 = Release|Any CPU
		{D71CDEF3-4C9F-42CC-8D1F-249CE147F41B}.Release|x86.ActiveCfg = Release|Any CPU
		{D71CDEF3-4C9F-42CC-8D1F-249CE147F41B}.Release|x86.Build.0 = Release|Any CPU
		{1EA4C9A9-4AF3-4AC4-A78F-5E9C4CB4C9BC}.Debug|Any CPU.ActiveCfg = Debug|Any CPU
		{1EA4C9A9-4AF3-4AC4-A78F-5E9C4CB4C9BC}.Debug|Any CPU.Build.0 = Debug|Any CPU
		{1EA4C9A9-4AF3-4AC4-A78F-5E9C4CB4C9BC}.Debug|x64.ActiveCfg = Debug|Any CPU
		{1EA4C9A9-4AF3-4AC4-A78F-5E9C4CB4C9BC}.Debug|x64.Build.0 = Debug|Any CPU
		{1EA4C9A9-4AF3-4AC4-A78F-5E9C4CB4C9BC}.Debug|x86.ActiveCfg = Debug|Any CPU
		{1EA4C9A9-4AF3-4AC4-A78F-5E9C4CB4C9BC}.Debug|x86.Build.0 = Debug|Any CPU
		{1EA4C9A9-4AF3-4AC4-A78F-5E9C4CB4C9BC}.Release|Any CPU.ActiveCfg = Release|Any CPU
		{1EA4C9A9-4AF3-4AC4-A78F-5E9C4CB4C9BC}.Release|Any CPU.Build.0 = Release|Any CPU
		{1EA4C9A9-4AF3-4AC4-A78F-5E9C4CB4C9BC}.Release|x64.ActiveCfg = Release|Any CPU
		{1EA4C9A9-4AF3-4AC4-A78F-5E9C4CB4C9BC}.Release|x64.Build.0 = Release|Any CPU
		{1EA4C9A9-4AF3-4AC4-A78F-5E9C4CB4C9BC}.Release|x86.ActiveCfg = Release|Any CPU
		{1EA4C9A9-4AF3-4AC4-A78F-5E9C4CB4C9BC}.Release|x86.Build.0 = Release|Any CPU
		{62FA4548-2820-4BAA-A94F-5E6660DB68E1}.Debug|Any CPU.ActiveCfg = Debug|Any CPU
		{62FA4548-2820-4BAA-A94F-5E6660DB68E1}.Debug|Any CPU.Build.0 = Debug|Any CPU
		{62FA4548-2820-4BAA-A94F-5E6660DB68E1}.Debug|x64.ActiveCfg = Debug|Any CPU
		{62FA4548-2820-4BAA-A94F-5E6660DB68E1}.Debug|x64.Build.0 = Debug|Any CPU
		{62FA4548-2820-4BAA-A94F-5E6660DB68E1}.Debug|x86.ActiveCfg = Debug|Any CPU
		{62FA4548-2820-4BAA-A94F-5E6660DB68E1}.Debug|x86.Build.0 = Debug|Any CPU
		{62FA4548-2820-4BAA-A94F-5E6660DB68E1}.Release|Any CPU.ActiveCfg = Release|Any CPU
		{62FA4548-2820-4BAA-A94F-5E6660DB68E1}.Release|Any CPU.Build.0 = Release|Any CPU
		{62FA4548-2820-4BAA-A94F-5E6660DB68E1}.Release|x64.ActiveCfg = Release|Any CPU
		{62FA4548-2820-4BAA-A94F-5E6660DB68E1}.Release|x64.Build.0 = Release|Any CPU
		{62FA4548-2820-4BAA-A94F-5E6660DB68E1}.Release|x86.ActiveCfg = Release|Any CPU
		{62FA4548-2820-4BAA-A94F-5E6660DB68E1}.Release|x86.Build.0 = Release|Any CPU
		{7669FDDC-9BBD-478D-8139-17EC656247FF}.Debug|Any CPU.ActiveCfg = Debug|Any CPU
		{7669FDDC-9BBD-478D-8139-17EC656247FF}.Debug|Any CPU.Build.0 = Debug|Any CPU
		{7669FDDC-9BBD-478D-8139-17EC656247FF}.Debug|x64.ActiveCfg = Debug|Any CPU
		{7669FDDC-9BBD-478D-8139-17EC656247FF}.Debug|x64.Build.0 = Debug|Any CPU
		{7669FDDC-9BBD-478D-8139-17EC656247FF}.Debug|x86.ActiveCfg = Debug|Any CPU
		{7669FDDC-9BBD-478D-8139-17EC656247FF}.Debug|x86.Build.0 = Debug|Any CPU
		{7669FDDC-9BBD-478D-8139-17EC656247FF}.Release|Any CPU.ActiveCfg = Release|Any CPU
		{7669FDDC-9BBD-478D-8139-17EC656247FF}.Release|Any CPU.Build.0 = Release|Any CPU
		{7669FDDC-9BBD-478D-8139-17EC656247FF}.Release|x64.ActiveCfg = Release|Any CPU
		{7669FDDC-9BBD-478D-8139-17EC656247FF}.Release|x64.Build.0 = Release|Any CPU
		{7669FDDC-9BBD-478D-8139-17EC656247FF}.Release|x86.ActiveCfg = Release|Any CPU
		{7669FDDC-9BBD-478D-8139-17EC656247FF}.Release|x86.Build.0 = Release|Any CPU
		{ED92156D-2624-452F-B839-1811025408EB}.Debug|Any CPU.ActiveCfg = Debug|Any CPU
		{ED92156D-2624-452F-B839-1811025408EB}.Debug|Any CPU.Build.0 = Debug|Any CPU
		{ED92156D-2624-452F-B839-1811025408EB}.Debug|x64.ActiveCfg = Debug|Any CPU
		{ED92156D-2624-452F-B839-1811025408EB}.Debug|x64.Build.0 = Debug|Any CPU
		{ED92156D-2624-452F-B839-1811025408EB}.Debug|x86.ActiveCfg = Debug|Any CPU
		{ED92156D-2624-452F-B839-1811025408EB}.Debug|x86.Build.0 = Debug|Any CPU
		{ED92156D-2624-452F-B839-1811025408EB}.Release|Any CPU.ActiveCfg = Release|Any CPU
		{ED92156D-2624-452F-B839-1811025408EB}.Release|Any CPU.Build.0 = Release|Any CPU
		{ED92156D-2624-452F-B839-1811025408EB}.Release|x64.ActiveCfg = Release|Any CPU
		{ED92156D-2624-452F-B839-1811025408EB}.Release|x64.Build.0 = Release|Any CPU
		{ED92156D-2624-452F-B839-1811025408EB}.Release|x86.ActiveCfg = Release|Any CPU
		{ED92156D-2624-452F-B839-1811025408EB}.Release|x86.Build.0 = Release|Any CPU
		{EC9A3C95-99B7-4A83-9901-F2076D0AF0D1}.Debug|Any CPU.ActiveCfg = Debug|Any CPU
		{EC9A3C95-99B7-4A83-9901-F2076D0AF0D1}.Debug|Any CPU.Build.0 = Debug|Any CPU
		{EC9A3C95-99B7-4A83-9901-F2076D0AF0D1}.Debug|x64.ActiveCfg = Debug|Any CPU
		{EC9A3C95-99B7-4A83-9901-F2076D0AF0D1}.Debug|x64.Build.0 = Debug|Any CPU
		{EC9A3C95-99B7-4A83-9901-F2076D0AF0D1}.Debug|x86.ActiveCfg = Debug|Any CPU
		{EC9A3C95-99B7-4A83-9901-F2076D0AF0D1}.Debug|x86.Build.0 = Debug|Any CPU
		{EC9A3C95-99B7-4A83-9901-F2076D0AF0D1}.Release|Any CPU.ActiveCfg = Release|Any CPU
		{EC9A3C95-99B7-4A83-9901-F2076D0AF0D1}.Release|Any CPU.Build.0 = Release|Any CPU
		{EC9A3C95-99B7-4A83-9901-F2076D0AF0D1}.Release|x64.ActiveCfg = Release|Any CPU
		{EC9A3C95-99B7-4A83-9901-F2076D0AF0D1}.Release|x64.Build.0 = Release|Any CPU
		{EC9A3C95-99B7-4A83-9901-F2076D0AF0D1}.Release|x86.ActiveCfg = Release|Any CPU
		{EC9A3C95-99B7-4A83-9901-F2076D0AF0D1}.Release|x86.Build.0 = Release|Any CPU
		{B6058493-A5AB-4058-8E8C-4C196B0666C7}.Debug|Any CPU.ActiveCfg = Debug|Any CPU
		{B6058493-A5AB-4058-8E8C-4C196B0666C7}.Debug|Any CPU.Build.0 = Debug|Any CPU
		{B6058493-A5AB-4058-8E8C-4C196B0666C7}.Debug|x64.ActiveCfg = Debug|Any CPU
		{B6058493-A5AB-4058-8E8C-4C196B0666C7}.Debug|x64.Build.0 = Debug|Any CPU
		{B6058493-A5AB-4058-8E8C-4C196B0666C7}.Debug|x86.ActiveCfg = Debug|Any CPU
		{B6058493-A5AB-4058-8E8C-4C196B0666C7}.Debug|x86.Build.0 = Debug|Any CPU
		{B6058493-A5AB-4058-8E8C-4C196B0666C7}.Release|Any CPU.ActiveCfg = Release|Any CPU
		{B6058493-A5AB-4058-8E8C-4C196B0666C7}.Release|Any CPU.Build.0 = Release|Any CPU
		{B6058493-A5AB-4058-8E8C-4C196B0666C7}.Release|x64.ActiveCfg = Release|Any CPU
		{B6058493-A5AB-4058-8E8C-4C196B0666C7}.Release|x64.Build.0 = Release|Any CPU
		{B6058493-A5AB-4058-8E8C-4C196B0666C7}.Release|x86.ActiveCfg = Release|Any CPU
		{B6058493-A5AB-4058-8E8C-4C196B0666C7}.Release|x86.Build.0 = Release|Any CPU
		{B479F826-6697-42EC-9EDD-EFBE1EB50270}.Debug|Any CPU.ActiveCfg = Debug|Any CPU
		{B479F826-6697-42EC-9EDD-EFBE1EB50270}.Debug|Any CPU.Build.0 = Debug|Any CPU
		{B479F826-6697-42EC-9EDD-EFBE1EB50270}.Debug|x64.ActiveCfg = Debug|Any CPU
		{B479F826-6697-42EC-9EDD-EFBE1EB50270}.Debug|x64.Build.0 = Debug|Any CPU
		{B479F826-6697-42EC-9EDD-EFBE1EB50270}.Debug|x86.ActiveCfg = Debug|Any CPU
		{B479F826-6697-42EC-9EDD-EFBE1EB50270}.Debug|x86.Build.0 = Debug|Any CPU
		{B479F826-6697-42EC-9EDD-EFBE1EB50270}.Release|Any CPU.ActiveCfg = Release|Any CPU
		{B479F826-6697-42EC-9EDD-EFBE1EB50270}.Release|Any CPU.Build.0 = Release|Any CPU
		{B479F826-6697-42EC-9EDD-EFBE1EB50270}.Release|x64.ActiveCfg = Release|Any CPU
		{B479F826-6697-42EC-9EDD-EFBE1EB50270}.Release|x64.Build.0 = Release|Any CPU
		{B479F826-6697-42EC-9EDD-EFBE1EB50270}.Release|x86.ActiveCfg = Release|Any CPU
		{B479F826-6697-42EC-9EDD-EFBE1EB50270}.Release|x86.Build.0 = Release|Any CPU
		{28936638-EB48-48B4-9603-D6DECFBE7872}.Debug|Any CPU.ActiveCfg = Debug|Any CPU
		{28936638-EB48-48B4-9603-D6DECFBE7872}.Debug|Any CPU.Build.0 = Debug|Any CPU
		{28936638-EB48-48B4-9603-D6DECFBE7872}.Debug|x64.ActiveCfg = Debug|Any CPU
		{28936638-EB48-48B4-9603-D6DECFBE7872}.Debug|x64.Build.0 = Debug|Any CPU
		{28936638-EB48-48B4-9603-D6DECFBE7872}.Debug|x86.ActiveCfg = Debug|Any CPU
		{28936638-EB48-48B4-9603-D6DECFBE7872}.Debug|x86.Build.0 = Debug|Any CPU
		{28936638-EB48-48B4-9603-D6DECFBE7872}.Release|Any CPU.ActiveCfg = Release|Any CPU
		{28936638-EB48-48B4-9603-D6DECFBE7872}.Release|Any CPU.Build.0 = Release|Any CPU
		{28936638-EB48-48B4-9603-D6DECFBE7872}.Release|x64.ActiveCfg = Release|Any CPU
		{28936638-EB48-48B4-9603-D6DECFBE7872}.Release|x64.Build.0 = Release|Any CPU
		{28936638-EB48-48B4-9603-D6DECFBE7872}.Release|x86.ActiveCfg = Release|Any CPU
		{28936638-EB48-48B4-9603-D6DECFBE7872}.Release|x86.Build.0 = Release|Any CPU
		{0A59D889-FF84-482E-BE9F-13EF93D30CEE}.Debug|Any CPU.ActiveCfg = Debug|Any CPU
		{0A59D889-FF84-482E-BE9F-13EF93D30CEE}.Debug|Any CPU.Build.0 = Debug|Any CPU
		{0A59D889-FF84-482E-BE9F-13EF93D30CEE}.Debug|x64.ActiveCfg = Debug|Any CPU
		{0A59D889-FF84-482E-BE9F-13EF93D30CEE}.Debug|x64.Build.0 = Debug|Any CPU
		{0A59D889-FF84-482E-BE9F-13EF93D30CEE}.Debug|x86.ActiveCfg = Debug|Any CPU
		{0A59D889-FF84-482E-BE9F-13EF93D30CEE}.Debug|x86.Build.0 = Debug|Any CPU
		{0A59D889-FF84-482E-BE9F-13EF93D30CEE}.Release|Any CPU.ActiveCfg = Release|Any CPU
		{0A59D889-FF84-482E-BE9F-13EF93D30CEE}.Release|Any CPU.Build.0 = Release|Any CPU
		{0A59D889-FF84-482E-BE9F-13EF93D30CEE}.Release|x64.ActiveCfg = Release|Any CPU
		{0A59D889-FF84-482E-BE9F-13EF93D30CEE}.Release|x64.Build.0 = Release|Any CPU
		{0A59D889-FF84-482E-BE9F-13EF93D30CEE}.Release|x86.ActiveCfg = Release|Any CPU
		{0A59D889-FF84-482E-BE9F-13EF93D30CEE}.Release|x86.Build.0 = Release|Any CPU
		{04EC9E42-0169-4037-A32E-ACFEEEAA4141}.Debug|Any CPU.ActiveCfg = Debug|Any CPU
		{04EC9E42-0169-4037-A32E-ACFEEEAA4141}.Debug|Any CPU.Build.0 = Debug|Any CPU
		{04EC9E42-0169-4037-A32E-ACFEEEAA4141}.Debug|x64.ActiveCfg = Debug|Any CPU
		{04EC9E42-0169-4037-A32E-ACFEEEAA4141}.Debug|x64.Build.0 = Debug|Any CPU
		{04EC9E42-0169-4037-A32E-ACFEEEAA4141}.Debug|x86.ActiveCfg = Debug|Any CPU
		{04EC9E42-0169-4037-A32E-ACFEEEAA4141}.Debug|x86.Build.0 = Debug|Any CPU
		{04EC9E42-0169-4037-A32E-ACFEEEAA4141}.Release|Any CPU.ActiveCfg = Release|Any CPU
		{04EC9E42-0169-4037-A32E-ACFEEEAA4141}.Release|Any CPU.Build.0 = Release|Any CPU
		{04EC9E42-0169-4037-A32E-ACFEEEAA4141}.Release|x64.ActiveCfg = Release|Any CPU
		{04EC9E42-0169-4037-A32E-ACFEEEAA4141}.Release|x64.Build.0 = Release|Any CPU
		{04EC9E42-0169-4037-A32E-ACFEEEAA4141}.Release|x86.ActiveCfg = Release|Any CPU
		{04EC9E42-0169-4037-A32E-ACFEEEAA4141}.Release|x86.Build.0 = Release|Any CPU
		{189D3E7C-69E5-44A1-A9A8-914AA630F73C}.Debug|Any CPU.ActiveCfg = Debug|Any CPU
		{189D3E7C-69E5-44A1-A9A8-914AA630F73C}.Debug|Any CPU.Build.0 = Debug|Any CPU
		{189D3E7C-69E5-44A1-A9A8-914AA630F73C}.Debug|x64.ActiveCfg = Debug|Any CPU
		{189D3E7C-69E5-44A1-A9A8-914AA630F73C}.Debug|x64.Build.0 = Debug|Any CPU
		{189D3E7C-69E5-44A1-A9A8-914AA630F73C}.Debug|x86.ActiveCfg = Debug|Any CPU
		{189D3E7C-69E5-44A1-A9A8-914AA630F73C}.Debug|x86.Build.0 = Debug|Any CPU
		{189D3E7C-69E5-44A1-A9A8-914AA630F73C}.Release|Any CPU.ActiveCfg = Release|Any CPU
		{189D3E7C-69E5-44A1-A9A8-914AA630F73C}.Release|Any CPU.Build.0 = Release|Any CPU
		{189D3E7C-69E5-44A1-A9A8-914AA630F73C}.Release|x64.ActiveCfg = Release|Any CPU
		{189D3E7C-69E5-44A1-A9A8-914AA630F73C}.Release|x64.Build.0 = Release|Any CPU
		{189D3E7C-69E5-44A1-A9A8-914AA630F73C}.Release|x86.ActiveCfg = Release|Any CPU
		{189D3E7C-69E5-44A1-A9A8-914AA630F73C}.Release|x86.Build.0 = Release|Any CPU
		{410DBB4C-22A1-45DF-97A3-A0A1D759372A}.Debug|Any CPU.ActiveCfg = Debug|Any CPU
		{410DBB4C-22A1-45DF-97A3-A0A1D759372A}.Debug|Any CPU.Build.0 = Debug|Any CPU
		{410DBB4C-22A1-45DF-97A3-A0A1D759372A}.Debug|x64.ActiveCfg = Debug|Any CPU
		{410DBB4C-22A1-45DF-97A3-A0A1D759372A}.Debug|x64.Build.0 = Debug|Any CPU
		{410DBB4C-22A1-45DF-97A3-A0A1D759372A}.Debug|x86.ActiveCfg = Debug|Any CPU
		{410DBB4C-22A1-45DF-97A3-A0A1D759372A}.Debug|x86.Build.0 = Debug|Any CPU
		{410DBB4C-22A1-45DF-97A3-A0A1D759372A}.Release|Any CPU.ActiveCfg = Release|Any CPU
		{410DBB4C-22A1-45DF-97A3-A0A1D759372A}.Release|Any CPU.Build.0 = Release|Any CPU
		{410DBB4C-22A1-45DF-97A3-A0A1D759372A}.Release|x64.ActiveCfg = Release|Any CPU
		{410DBB4C-22A1-45DF-97A3-A0A1D759372A}.Release|x64.Build.0 = Release|Any CPU
		{410DBB4C-22A1-45DF-97A3-A0A1D759372A}.Release|x86.ActiveCfg = Release|Any CPU
		{410DBB4C-22A1-45DF-97A3-A0A1D759372A}.Release|x86.Build.0 = Release|Any CPU
		{F3DB9567-B3EB-4A9A-BFC4-CF33603BFE61}.Debug|Any CPU.ActiveCfg = Debug|Any CPU
		{F3DB9567-B3EB-4A9A-BFC4-CF33603BFE61}.Debug|Any CPU.Build.0 = Debug|Any CPU
		{F3DB9567-B3EB-4A9A-BFC4-CF33603BFE61}.Debug|x64.ActiveCfg = Debug|Any CPU
		{F3DB9567-B3EB-4A9A-BFC4-CF33603BFE61}.Debug|x64.Build.0 = Debug|Any CPU
		{F3DB9567-B3EB-4A9A-BFC4-CF33603BFE61}.Debug|x86.ActiveCfg = Debug|Any CPU
		{F3DB9567-B3EB-4A9A-BFC4-CF33603BFE61}.Debug|x86.Build.0 = Debug|Any CPU
		{F3DB9567-B3EB-4A9A-BFC4-CF33603BFE61}.Release|Any CPU.ActiveCfg = Release|Any CPU
		{F3DB9567-B3EB-4A9A-BFC4-CF33603BFE61}.Release|Any CPU.Build.0 = Release|Any CPU
		{F3DB9567-B3EB-4A9A-BFC4-CF33603BFE61}.Release|x64.ActiveCfg = Release|Any CPU
		{F3DB9567-B3EB-4A9A-BFC4-CF33603BFE61}.Release|x64.Build.0 = Release|Any CPU
		{F3DB9567-B3EB-4A9A-BFC4-CF33603BFE61}.Release|x86.ActiveCfg = Release|Any CPU
		{F3DB9567-B3EB-4A9A-BFC4-CF33603BFE61}.Release|x86.Build.0 = Release|Any CPU
		{A80A6053-77AB-43A4-8341-C29A712C22E0}.Debug|Any CPU.ActiveCfg = Debug|Any CPU
		{A80A6053-77AB-43A4-8341-C29A712C22E0}.Debug|Any CPU.Build.0 = Debug|Any CPU
		{A80A6053-77AB-43A4-8341-C29A712C22E0}.Debug|x64.ActiveCfg = Debug|Any CPU
		{A80A6053-77AB-43A4-8341-C29A712C22E0}.Debug|x64.Build.0 = Debug|Any CPU
		{A80A6053-77AB-43A4-8341-C29A712C22E0}.Debug|x86.ActiveCfg = Debug|Any CPU
		{A80A6053-77AB-43A4-8341-C29A712C22E0}.Debug|x86.Build.0 = Debug|Any CPU
		{A80A6053-77AB-43A4-8341-C29A712C22E0}.Release|Any CPU.ActiveCfg = Release|Any CPU
		{A80A6053-77AB-43A4-8341-C29A712C22E0}.Release|Any CPU.Build.0 = Release|Any CPU
		{A80A6053-77AB-43A4-8341-C29A712C22E0}.Release|x64.ActiveCfg = Release|Any CPU
		{A80A6053-77AB-43A4-8341-C29A712C22E0}.Release|x64.Build.0 = Release|Any CPU
		{A80A6053-77AB-43A4-8341-C29A712C22E0}.Release|x86.ActiveCfg = Release|Any CPU
		{A80A6053-77AB-43A4-8341-C29A712C22E0}.Release|x86.Build.0 = Release|Any CPU
		{A6BE550C-2D74-45E4-A938-04C85C8004AE}.Debug|Any CPU.ActiveCfg = Debug|Any CPU
		{A6BE550C-2D74-45E4-A938-04C85C8004AE}.Debug|Any CPU.Build.0 = Debug|Any CPU
		{A6BE550C-2D74-45E4-A938-04C85C8004AE}.Debug|x64.ActiveCfg = Debug|Any CPU
		{A6BE550C-2D74-45E4-A938-04C85C8004AE}.Debug|x64.Build.0 = Debug|Any CPU
		{A6BE550C-2D74-45E4-A938-04C85C8004AE}.Debug|x86.ActiveCfg = Debug|Any CPU
		{A6BE550C-2D74-45E4-A938-04C85C8004AE}.Debug|x86.Build.0 = Debug|Any CPU
		{A6BE550C-2D74-45E4-A938-04C85C8004AE}.Release|Any CPU.ActiveCfg = Release|Any CPU
		{A6BE550C-2D74-45E4-A938-04C85C8004AE}.Release|Any CPU.Build.0 = Release|Any CPU
		{A6BE550C-2D74-45E4-A938-04C85C8004AE}.Release|x64.ActiveCfg = Release|Any CPU
		{A6BE550C-2D74-45E4-A938-04C85C8004AE}.Release|x64.Build.0 = Release|Any CPU
		{A6BE550C-2D74-45E4-A938-04C85C8004AE}.Release|x86.ActiveCfg = Release|Any CPU
		{A6BE550C-2D74-45E4-A938-04C85C8004AE}.Release|x86.Build.0 = Release|Any CPU
		{96AB2B6E-59FE-42C4-9363-98CFD5F9B9E1}.Debug|Any CPU.ActiveCfg = Debug|Any CPU
		{96AB2B6E-59FE-42C4-9363-98CFD5F9B9E1}.Debug|Any CPU.Build.0 = Debug|Any CPU
		{96AB2B6E-59FE-42C4-9363-98CFD5F9B9E1}.Debug|x64.ActiveCfg = Debug|Any CPU
		{96AB2B6E-59FE-42C4-9363-98CFD5F9B9E1}.Debug|x64.Build.0 = Debug|Any CPU
		{96AB2B6E-59FE-42C4-9363-98CFD5F9B9E1}.Debug|x86.ActiveCfg = Debug|Any CPU
		{96AB2B6E-59FE-42C4-9363-98CFD5F9B9E1}.Debug|x86.Build.0 = Debug|Any CPU
		{96AB2B6E-59FE-42C4-9363-98CFD5F9B9E1}.Release|Any CPU.ActiveCfg = Release|Any CPU
		{96AB2B6E-59FE-42C4-9363-98CFD5F9B9E1}.Release|Any CPU.Build.0 = Release|Any CPU
		{96AB2B6E-59FE-42C4-9363-98CFD5F9B9E1}.Release|x64.ActiveCfg = Release|Any CPU
		{96AB2B6E-59FE-42C4-9363-98CFD5F9B9E1}.Release|x64.Build.0 = Release|Any CPU
		{96AB2B6E-59FE-42C4-9363-98CFD5F9B9E1}.Release|x86.ActiveCfg = Release|Any CPU
		{96AB2B6E-59FE-42C4-9363-98CFD5F9B9E1}.Release|x86.Build.0 = Release|Any CPU
		{5B5A2639-3E1F-45A2-8AE8-DE917A6D519B}.Debug|Any CPU.ActiveCfg = Debug|Any CPU
		{5B5A2639-3E1F-45A2-8AE8-DE917A6D519B}.Debug|Any CPU.Build.0 = Debug|Any CPU
		{5B5A2639-3E1F-45A2-8AE8-DE917A6D519B}.Debug|x64.ActiveCfg = Debug|Any CPU
		{5B5A2639-3E1F-45A2-8AE8-DE917A6D519B}.Debug|x64.Build.0 = Debug|Any CPU
		{5B5A2639-3E1F-45A2-8AE8-DE917A6D519B}.Debug|x86.ActiveCfg = Debug|Any CPU
		{5B5A2639-3E1F-45A2-8AE8-DE917A6D519B}.Debug|x86.Build.0 = Debug|Any CPU
		{5B5A2639-3E1F-45A2-8AE8-DE917A6D519B}.Release|Any CPU.ActiveCfg = Release|Any CPU
		{5B5A2639-3E1F-45A2-8AE8-DE917A6D519B}.Release|Any CPU.Build.0 = Release|Any CPU
		{5B5A2639-3E1F-45A2-8AE8-DE917A6D519B}.Release|x64.ActiveCfg = Release|Any CPU
		{5B5A2639-3E1F-45A2-8AE8-DE917A6D519B}.Release|x64.Build.0 = Release|Any CPU
		{5B5A2639-3E1F-45A2-8AE8-DE917A6D519B}.Release|x86.ActiveCfg = Release|Any CPU
		{5B5A2639-3E1F-45A2-8AE8-DE917A6D519B}.Release|x86.Build.0 = Release|Any CPU
		{21ADA763-5AE8-4438-BAB2-7869C2B2E648}.Debug|Any CPU.ActiveCfg = Debug|Any CPU
		{21ADA763-5AE8-4438-BAB2-7869C2B2E648}.Debug|Any CPU.Build.0 = Debug|Any CPU
		{21ADA763-5AE8-4438-BAB2-7869C2B2E648}.Debug|x64.ActiveCfg = Debug|Any CPU
		{21ADA763-5AE8-4438-BAB2-7869C2B2E648}.Debug|x64.Build.0 = Debug|Any CPU
		{21ADA763-5AE8-4438-BAB2-7869C2B2E648}.Debug|x86.ActiveCfg = Debug|Any CPU
		{21ADA763-5AE8-4438-BAB2-7869C2B2E648}.Debug|x86.Build.0 = Debug|Any CPU
		{21ADA763-5AE8-4438-BAB2-7869C2B2E648}.Release|Any CPU.ActiveCfg = Release|Any CPU
		{21ADA763-5AE8-4438-BAB2-7869C2B2E648}.Release|Any CPU.Build.0 = Release|Any CPU
		{21ADA763-5AE8-4438-BAB2-7869C2B2E648}.Release|x64.ActiveCfg = Release|Any CPU
		{21ADA763-5AE8-4438-BAB2-7869C2B2E648}.Release|x64.Build.0 = Release|Any CPU
		{21ADA763-5AE8-4438-BAB2-7869C2B2E648}.Release|x86.ActiveCfg = Release|Any CPU
		{21ADA763-5AE8-4438-BAB2-7869C2B2E648}.Release|x86.Build.0 = Release|Any CPU
		{519106A7-DCB2-4F46-AB08-F144E4226FC0}.Debug|Any CPU.ActiveCfg = Debug|Any CPU
		{519106A7-DCB2-4F46-AB08-F144E4226FC0}.Debug|Any CPU.Build.0 = Debug|Any CPU
		{519106A7-DCB2-4F46-AB08-F144E4226FC0}.Debug|x64.ActiveCfg = Debug|Any CPU
		{519106A7-DCB2-4F46-AB08-F144E4226FC0}.Debug|x64.Build.0 = Debug|Any CPU
		{519106A7-DCB2-4F46-AB08-F144E4226FC0}.Debug|x86.ActiveCfg = Debug|Any CPU
		{519106A7-DCB2-4F46-AB08-F144E4226FC0}.Debug|x86.Build.0 = Debug|Any CPU
		{519106A7-DCB2-4F46-AB08-F144E4226FC0}.Release|Any CPU.ActiveCfg = Release|Any CPU
		{519106A7-DCB2-4F46-AB08-F144E4226FC0}.Release|Any CPU.Build.0 = Release|Any CPU
		{519106A7-DCB2-4F46-AB08-F144E4226FC0}.Release|x64.ActiveCfg = Release|Any CPU
		{519106A7-DCB2-4F46-AB08-F144E4226FC0}.Release|x64.Build.0 = Release|Any CPU
		{519106A7-DCB2-4F46-AB08-F144E4226FC0}.Release|x86.ActiveCfg = Release|Any CPU
		{519106A7-DCB2-4F46-AB08-F144E4226FC0}.Release|x86.Build.0 = Release|Any CPU
		{3054A3FB-A989-48C7-9B7E-DD4B33BB742F}.Debug|Any CPU.ActiveCfg = Debug|Any CPU
		{3054A3FB-A989-48C7-9B7E-DD4B33BB742F}.Debug|Any CPU.Build.0 = Debug|Any CPU
		{3054A3FB-A989-48C7-9B7E-DD4B33BB742F}.Debug|x64.ActiveCfg = Debug|Any CPU
		{3054A3FB-A989-48C7-9B7E-DD4B33BB742F}.Debug|x64.Build.0 = Debug|Any CPU
		{3054A3FB-A989-48C7-9B7E-DD4B33BB742F}.Debug|x86.ActiveCfg = Debug|Any CPU
		{3054A3FB-A989-48C7-9B7E-DD4B33BB742F}.Debug|x86.Build.0 = Debug|Any CPU
		{3054A3FB-A989-48C7-9B7E-DD4B33BB742F}.Release|Any CPU.ActiveCfg = Release|Any CPU
		{3054A3FB-A989-48C7-9B7E-DD4B33BB742F}.Release|Any CPU.Build.0 = Release|Any CPU
		{3054A3FB-A989-48C7-9B7E-DD4B33BB742F}.Release|x64.ActiveCfg = Release|Any CPU
		{3054A3FB-A989-48C7-9B7E-DD4B33BB742F}.Release|x64.Build.0 = Release|Any CPU
		{3054A3FB-A989-48C7-9B7E-DD4B33BB742F}.Release|x86.ActiveCfg = Release|Any CPU
		{3054A3FB-A989-48C7-9B7E-DD4B33BB742F}.Release|x86.Build.0 = Release|Any CPU
		{1B6FB093-4D44-41B5-BB83-9DDB648D9D31}.Debug|Any CPU.ActiveCfg = Debug|Any CPU
		{1B6FB093-4D44-41B5-BB83-9DDB648D9D31}.Debug|Any CPU.Build.0 = Debug|Any CPU
		{1B6FB093-4D44-41B5-BB83-9DDB648D9D31}.Debug|x64.ActiveCfg = Debug|Any CPU
		{1B6FB093-4D44-41B5-BB83-9DDB648D9D31}.Debug|x64.Build.0 = Debug|Any CPU
		{1B6FB093-4D44-41B5-BB83-9DDB648D9D31}.Debug|x86.ActiveCfg = Debug|Any CPU
		{1B6FB093-4D44-41B5-BB83-9DDB648D9D31}.Debug|x86.Build.0 = Debug|Any CPU
		{1B6FB093-4D44-41B5-BB83-9DDB648D9D31}.Release|Any CPU.ActiveCfg = Release|Any CPU
		{1B6FB093-4D44-41B5-BB83-9DDB648D9D31}.Release|Any CPU.Build.0 = Release|Any CPU
		{1B6FB093-4D44-41B5-BB83-9DDB648D9D31}.Release|x64.ActiveCfg = Release|Any CPU
		{1B6FB093-4D44-41B5-BB83-9DDB648D9D31}.Release|x64.Build.0 = Release|Any CPU
		{1B6FB093-4D44-41B5-BB83-9DDB648D9D31}.Release|x86.ActiveCfg = Release|Any CPU
		{1B6FB093-4D44-41B5-BB83-9DDB648D9D31}.Release|x86.Build.0 = Release|Any CPU
	EndGlobalSection
	GlobalSection(SolutionProperties) = preSolution
		HideSolutionNode = FALSE
	EndGlobalSection
	GlobalSection(NestedProjects) = preSolution
		{8AF417EF-9E3A-3106-6A76-86BDDAB55D0C} = {240D54FD-C2A2-AACB-CAA5-CE0B0FF793FF}
		{AB98F675-0B30-4DC3-B2E9-BF253D0F29C9} = {8AF417EF-9E3A-3106-6A76-86BDDAB55D0C}
		{1A8105C6-A50F-415A-8F55-E45F85707EBC} = {8AF417EF-9E3A-3106-6A76-86BDDAB55D0C}
		{C5026AD8-233F-C180-78E3-006F4988C2F5} = {240D54FD-C2A2-AACB-CAA5-CE0B0FF793FF}
		{2109DC66-73C2-455A-9B97-823B8A67320A} = {C5026AD8-233F-C180-78E3-006F4988C2F5}
		{D71CDEF3-4C9F-42CC-8D1F-249CE147F41B} = {183AEB3A-A086-1D8D-C95E-6378F77647C3}
		{1EA4C9A9-4AF3-4AC4-A78F-5E9C4CB4C9BC} = {183AEB3A-A086-1D8D-C95E-6378F77647C3}
		{62FA4548-2820-4BAA-A94F-5E6660DB68E1} = {183AEB3A-A086-1D8D-C95E-6378F77647C3}
		{7669FDDC-9BBD-478D-8139-17EC656247FF} = {183AEB3A-A086-1D8D-C95E-6378F77647C3}
		{ED92156D-2624-452F-B839-1811025408EB} = {D82C56D6-B2CD-F611-9E31-04638F7EC30E}
		{EC9A3C95-99B7-4A83-9901-F2076D0AF0D1} = {D82C56D6-B2CD-F611-9E31-04638F7EC30E}
		{B6058493-A5AB-4058-8E8C-4C196B0666C7} = {08363F22-23A7-70B7-557A-C076A2D48378}
		{B479F826-6697-42EC-9EDD-EFBE1EB50270} = {08363F22-23A7-70B7-557A-C076A2D48378}
		{28936638-EB48-48B4-9603-D6DECFBE7872} = {A22A909A-1415-BD8E-1EB4-EC2D965D32C2}
		{0A59D889-FF84-482E-BE9F-13EF93D30CEE} = {A22A909A-1415-BD8E-1EB4-EC2D965D32C2}
		{04EC9E42-0169-4037-A32E-ACFEEEAA4141} = {A22A909A-1415-BD8E-1EB4-EC2D965D32C2}
		{189D3E7C-69E5-44A1-A9A8-914AA630F73C} = {A22A909A-1415-BD8E-1EB4-EC2D965D32C2}
		{410DBB4C-22A1-45DF-97A3-A0A1D759372A} = {844CA4AE-9024-0070-E956-60B0B81E6FA8}
		{F3DB9567-B3EB-4A9A-BFC4-CF33603BFE61} = {844CA4AE-9024-0070-E956-60B0B81E6FA8}
		{A80A6053-77AB-43A4-8341-C29A712C22E0} = {844CA4AE-9024-0070-E956-60B0B81E6FA8}
		{A6BE550C-2D74-45E4-A938-04C85C8004AE} = {844CA4AE-9024-0070-E956-60B0B81E6FA8}
		{96AB2B6E-59FE-42C4-9363-98CFD5F9B9E1} = {C837EDFF-7CEF-4985-A4BB-AB1E50762234}
		{5B5A2639-3E1F-45A2-8AE8-DE917A6D519B} = {C837EDFF-7CEF-4985-A4BB-AB1E50762234}
		{21ADA763-5AE8-4438-BAB2-7869C2B2E648} = {C837EDFF-7CEF-4985-A4BB-AB1E50762234}
		{519106A7-DCB2-4F46-AB08-F144E4226FC0} = {C837EDFF-7CEF-4985-A4BB-AB1E50762234}
		{3054A3FB-A989-48C7-9B7E-DD4B33BB742F} = {F868F184-6381-41B9-77F8-2B37ECF2F600}
		{1B6FB093-4D44-41B5-BB83-9DDB648D9D31} = {F868F184-6381-41B9-77F8-2B37ECF2F600}
	EndGlobalSection
EndGlobal
